// !$*UTF8*$!
{
	archiveVersion = 1;
	classes = {
	};
	objectVersion = 55;
	objects = {

/* Begin PBXBuildFile section */
		2F172E742725814F004C2E00 /* TestPhoneApp.swift in Sources */ = {isa = PBXBuildFile; fileRef = 2F172E732725814F004C2E00 /* TestPhoneApp.swift */; };
		2F172E762725814F004C2E00 /* ContentView.swift in Sources */ = {isa = PBXBuildFile; fileRef = 2F172E752725814F004C2E00 /* ContentView.swift */; };
		2F172E7827258151004C2E00 /* Assets.xcassets in Resources */ = {isa = PBXBuildFile; fileRef = 2F172E7727258151004C2E00 /* Assets.xcassets */; };
		2F172E7B27258151004C2E00 /* Preview Assets.xcassets in Resources */ = {isa = PBXBuildFile; fileRef = 2F172E7A27258151004C2E00 /* Preview Assets.xcassets */; };
		2F172E8527258152004C2E00 /* TestPhoneTests.swift in Sources */ = {isa = PBXBuildFile; fileRef = 2F172E8427258152004C2E00 /* TestPhoneTests.swift */; };
		2F172E8F27258152004C2E00 /* TestPhoneUITests.swift in Sources */ = {isa = PBXBuildFile; fileRef = 2F172E8E27258152004C2E00 /* TestPhoneUITests.swift */; };
		2F172E9127258152004C2E00 /* TestPhoneUITestsLaunchTests.swift in Sources */ = {isa = PBXBuildFile; fileRef = 2F172E9027258152004C2E00 /* TestPhoneUITestsLaunchTests.swift */; };
/* End PBXBuildFile section */

/* Begin PBXContainerItemProxy section */
		2F172E8127258152004C2E00 /* PBXContainerItemProxy */ = {
			isa = PBXContainerItemProxy;
			containerPortal = 2F172E682725814F004C2E00 /* Project object */;
			proxyType = 1;
			remoteGlobalIDString = 2F172E6F2725814F004C2E00;
			remoteInfo = TestPhone;
		};
		2F172E8B27258152004C2E00 /* PBXContainerItemProxy */ = {
			isa = PBXContainerItemProxy;
			containerPortal = 2F172E682725814F004C2E00 /* Project object */;
			proxyType = 1;
			remoteGlobalIDString = 2F172E6F2725814F004C2E00;
			remoteInfo = TestPhone;
		};
/* End PBXContainerItemProxy section */

/* Begin PBXFileReference section */
		2F172E702725814F004C2E00 /* TestPhone.app */ = {isa = PBXFileReference; explicitFileType = wrapper.application; includeInIndex = 0; path = TestPhone.app; sourceTree = BUILT_PRODUCTS_DIR; };
		2F172E732725814F004C2E00 /* TestPhoneApp.swift */ = {isa = PBXFileReference; lastKnownFileType = sourcecode.swift; path = TestPhoneApp.swift; sourceTree = "<group>"; };
		2F172E752725814F004C2E00 /* ContentView.swift */ = {isa = PBXFileReference; lastKnownFileType = sourcecode.swift; path = ContentView.swift; sourceTree = "<group>"; };
		2F172E7727258151004C2E00 /* Assets.xcassets */ = {isa = PBXFileReference; lastKnownFileType = folder.assetcatalog; path = Assets.xcassets; sourceTree = "<group>"; };
		2F172E7A27258151004C2E00 /* Preview Assets.xcassets */ = {isa = PBXFileReference; lastKnownFileType = folder.assetcatalog; path = "Preview Assets.xcassets"; sourceTree = "<group>"; };
		2F172E8027258152004C2E00 /* TestPhoneTests.xctest */ = {isa = PBXFileReference; explicitFileType = wrapper.cfbundle; includeInIndex = 0; path = TestPhoneTests.xctest; sourceTree = BUILT_PRODUCTS_DIR; };
		2F172E8427258152004C2E00 /* TestPhoneTests.swift */ = {isa = PBXFileReference; lastKnownFileType = sourcecode.swift; path = TestPhoneTests.swift; sourceTree = "<group>"; };
		2F172E8A27258152004C2E00 /* TestPhoneUITests.xctest */ = {isa = PBXFileReference; explicitFileType = wrapper.cfbundle; includeInIndex = 0; path = TestPhoneUITests.xctest; sourceTree = BUILT_PRODUCTS_DIR; };
		2F172E8E27258152004C2E00 /* TestPhoneUITests.swift */ = {isa = PBXFileReference; lastKnownFileType = sourcecode.swift; path = TestPhoneUITests.swift; sourceTree = "<group>"; };
		2F172E9027258152004C2E00 /* TestPhoneUITestsLaunchTests.swift */ = {isa = PBXFileReference; lastKnownFileType = sourcecode.swift; path = TestPhoneUITestsLaunchTests.swift; sourceTree = "<group>"; };
/* End PBXFileReference section */

/* Begin PBXFrameworksBuildPhase section */
		2F172E6D2725814F004C2E00 /* Frameworks */ = {
			isa = PBXFrameworksBuildPhase;
			buildActionMask = 2147483647;
			files = (
			);
			runOnlyForDeploymentPostprocessing = 0;
		};
		2F172E7D27258152004C2E00 /* Frameworks */ = {
			isa = PBXFrameworksBuildPhase;
			buildActionMask = 2147483647;
			files = (
			);
			runOnlyForDeploymentPostprocessing = 0;
		};
		2F172E8727258152004C2E00 /* Frameworks */ = {
			isa = PBXFrameworksBuildPhase;
			buildActionMask = 2147483647;
			files = (
			);
			runOnlyForDeploymentPostprocessing = 0;
		};
/* End PBXFrameworksBuildPhase section */

/* Begin PBXGroup section */
		2F172E672725814F004C2E00 = {
			isa = PBXGroup;
			children = (
				2F172E722725814F004C2E00 /* TestPhone */,
				2F172E8327258152004C2E00 /* TestPhoneTests */,
				2F172E8D27258152004C2E00 /* TestPhoneUITests */,
				2F172E712725814F004C2E00 /* Products */,
			);
			sourceTree = "<group>";
		};
		2F172E712725814F004C2E00 /* Products */ = {
			isa = PBXGroup;
			children = (
				2F172E702725814F004C2E00 /* TestPhone.app */,
				2F172E8027258152004C2E00 /* TestPhoneTests.xctest */,
				2F172E8A27258152004C2E00 /* TestPhoneUITests.xctest */,
			);
			name = Products;
			sourceTree = "<group>";
		};
		2F172E722725814F004C2E00 /* TestPhone */ = {
			isa = PBXGroup;
			children = (
				2F172E732725814F004C2E00 /* TestPhoneApp.swift */,
				2F172E752725814F004C2E00 /* ContentView.swift */,
				2F172E7727258151004C2E00 /* Assets.xcassets */,
				2F172E7927258151004C2E00 /* Preview Content */,
			);
			path = TestPhone;
			sourceTree = "<group>";
		};
		2F172E7927258151004C2E00 /* Preview Content */ = {
			isa = PBXGroup;
			children = (
				2F172E7A27258151004C2E00 /* Preview Assets.xcassets */,
			);
			path = "Preview Content";
			sourceTree = "<group>";
		};
		2F172E8327258152004C2E00 /* TestPhoneTests */ = {
			isa = PBXGroup;
			children = (
				2F172E8427258152004C2E00 /* TestPhoneTests.swift */,
			);
			path = TestPhoneTests;
			sourceTree = "<group>";
		};
		2F172E8D27258152004C2E00 /* TestPhoneUITests */ = {
			isa = PBXGroup;
			children = (
				2F172E8E27258152004C2E00 /* TestPhoneUITests.swift */,
				2F172E9027258152004C2E00 /* TestPhoneUITestsLaunchTests.swift */,
			);
			path = TestPhoneUITests;
			sourceTree = "<group>";
		};
/* End PBXGroup section */

/* Begin PBXNativeTarget section */
		2F172E6F2725814F004C2E00 /* TestPhone */ = {
			isa = PBXNativeTarget;
			buildConfigurationList = 2F172E9427258152004C2E00 /* Build configuration list for PBXNativeTarget "TestPhone" */;
			buildPhases = (
				2F172E6C2725814F004C2E00 /* Sources */,
				2F172E6D2725814F004C2E00 /* Frameworks */,
				2F172E6E2725814F004C2E00 /* Resources */,
			);
			buildRules = (
			);
			dependencies = (
			);
			name = TestPhone;
			productName = TestPhone;
			productReference = 2F172E702725814F004C2E00 /* TestPhone.app */;
			productType = "com.apple.product-type.application";
		};
		2F172E7F27258152004C2E00 /* TestPhoneTests */ = {
			isa = PBXNativeTarget;
			buildConfigurationList = 2F172E9727258152004C2E00 /* Build configuration list for PBXNativeTarget "TestPhoneTests" */;
			buildPhases = (
				2F172E7C27258152004C2E00 /* Sources */,
				2F172E7D27258152004C2E00 /* Frameworks */,
				2F172E7E27258152004C2E00 /* Resources */,
			);
			buildRules = (
			);
			dependencies = (
				2F172E8227258152004C2E00 /* PBXTargetDependency */,
			);
			name = TestPhoneTests;
			productName = TestPhoneTests;
			productReference = 2F172E8027258152004C2E00 /* TestPhoneTests.xctest */;
			productType = "com.apple.product-type.bundle.unit-test";
		};
		2F172E8927258152004C2E00 /* TestPhoneUITests */ = {
			isa = PBXNativeTarget;
			buildConfigurationList = 2F172E9A27258152004C2E00 /* Build configuration list for PBXNativeTarget "TestPhoneUITests" */;
			buildPhases = (
				2F172E8627258152004C2E00 /* Sources */,
				2F172E8727258152004C2E00 /* Frameworks */,
				2F172E8827258152004C2E00 /* Resources */,
			);
			buildRules = (
			);
			dependencies = (
				2F172E8C27258152004C2E00 /* PBXTargetDependency */,
			);
			name = TestPhoneUITests;
			productName = TestPhoneUITests;
			productReference = 2F172E8A27258152004C2E00 /* TestPhoneUITests.xctest */;
			productType = "com.apple.product-type.bundle.ui-testing";
		};
/* End PBXNativeTarget section */

/* Begin PBXProject section */
		2F172E682725814F004C2E00 /* Project object */ = {
			isa = PBXProject;
			attributes = {
				BuildIndependentTargetsInParallel = 1;
				LastSwiftUpdateCheck = 1300;
				LastUpgradeCheck = 1300;
				TargetAttributes = {
					2F172E6F2725814F004C2E00 = {
						CreatedOnToolsVersion = 13.0;
					};
					2F172E7F27258152004C2E00 = {
						CreatedOnToolsVersion = 13.0;
						TestTargetID = 2F172E6F2725814F004C2E00;
					};
					2F172E8927258152004C2E00 = {
						CreatedOnToolsVersion = 13.0;
						TestTargetID = 2F172E6F2725814F004C2E00;
					};
				};
			};
			buildConfigurationList = 2F172E6B2725814F004C2E00 /* Build configuration list for PBXProject "TestPhone" */;
			compatibilityVersion = "Xcode 13.0";
			developmentRegion = en;
			hasScannedForEncodings = 0;
			knownRegions = (
				en,
				Base,
			);
			mainGroup = 2F172E672725814F004C2E00;
			productRefGroup = 2F172E712725814F004C2E00 /* Products */;
			projectDirPath = "";
			projectRoot = "";
			targets = (
				2F172E6F2725814F004C2E00 /* TestPhone */,
				2F172E7F27258152004C2E00 /* TestPhoneTests */,
				2F172E8927258152004C2E00 /* TestPhoneUITests */,
			);
		};
/* End PBXProject section */

/* Begin PBXResourcesBuildPhase section */
		2F172E6E2725814F004C2E00 /* Resources */ = {
			isa = PBXResourcesBuildPhase;
			buildActionMask = 2147483647;
			files = (
				2F172E7B27258151004C2E00 /* Preview Assets.xcassets in Resources */,
				2F172E7827258151004C2E00 /* Assets.xcassets in Resources */,
			);
			runOnlyForDeploymentPostprocessing = 0;
		};
		2F172E7E27258152004C2E00 /* Resources */ = {
			isa = PBXResourcesBuildPhase;
			buildActionMask = 2147483647;
			files = (
			);
			runOnlyForDeploymentPostprocessing = 0;
		};
		2F172E8827258152004C2E00 /* Resources */ = {
			isa = PBXResourcesBuildPhase;
			buildActionMask = 2147483647;
			files = (
			);
			runOnlyForDeploymentPostprocessing = 0;
		};
/* End PBXResourcesBuildPhase section */

/* Begin PBXSourcesBuildPhase section */
		2F172E6C2725814F004C2E00 /* Sources */ = {
			isa = PBXSourcesBuildPhase;
			buildActionMask = 2147483647;
			files = (
				2F172E762725814F004C2E00 /* ContentView.swift in Sources */,
				2F172E742725814F004C2E00 /* TestPhoneApp.swift in Sources */,
			);
			runOnlyForDeploymentPostprocessing = 0;
		};
		2F172E7C27258152004C2E00 /* Sources */ = {
			isa = PBXSourcesBuildPhase;
			buildActionMask = 2147483647;
			files = (
				2F172E8527258152004C2E00 /* TestPhoneTests.swift in Sources */,
			);
			runOnlyForDeploymentPostprocessing = 0;
		};
		2F172E8627258152004C2E00 /* Sources */ = {
			isa = PBXSourcesBuildPhase;
			buildActionMask = 2147483647;
			files = (
				2F172E8F27258152004C2E00 /* TestPhoneUITests.swift in Sources */,
				2F172E9127258152004C2E00 /* TestPhoneUITestsLaunchTests.swift in Sources */,
			);
			runOnlyForDeploymentPostprocessing = 0;
		};
/* End PBXSourcesBuildPhase section */

/* Begin PBXTargetDependency section */
		2F172E8227258152004C2E00 /* PBXTargetDependency */ = {
			isa = PBXTargetDependency;
			target = 2F172E6F2725814F004C2E00 /* TestPhone */;
			targetProxy = 2F172E8127258152004C2E00 /* PBXContainerItemProxy */;
		};
		2F172E8C27258152004C2E00 /* PBXTargetDependency */ = {
			isa = PBXTargetDependency;
			target = 2F172E6F2725814F004C2E00 /* TestPhone */;
			targetProxy = 2F172E8B27258152004C2E00 /* PBXContainerItemProxy */;
		};
/* End PBXTargetDependency section */

/* Begin XCBuildConfiguration section */
		2F172E9227258152004C2E00 /* Debug */ = {
			isa = XCBuildConfiguration;
			buildSettings = {
				ALWAYS_SEARCH_USER_PATHS = NO;
				CLANG_ANALYZER_NONNULL = YES;
				CLANG_ANALYZER_NUMBER_OBJECT_CONVERSION = YES_AGGRESSIVE;
				CLANG_CXX_LANGUAGE_STANDARD = "gnu++17";
				CLANG_CXX_LIBRARY = "libc++";
				CLANG_ENABLE_MODULES = YES;
				CLANG_ENABLE_OBJC_ARC = YES;
				CLANG_ENABLE_OBJC_WEAK = YES;
				CLANG_WARN_BLOCK_CAPTURE_AUTORELEASING = YES;
				CLANG_WARN_BOOL_CONVERSION = YES;
				CLANG_WARN_COMMA = YES;
				CLANG_WARN_CONSTANT_CONVERSION = YES;
				CLANG_WARN_DEPRECATED_OBJC_IMPLEMENTATIONS = YES;
				CLANG_WARN_DIRECT_OBJC_ISA_USAGE = YES_ERROR;
				CLANG_WARN_DOCUMENTATION_COMMENTS = YES;
				CLANG_WARN_EMPTY_BODY = YES;
				CLANG_WARN_ENUM_CONVERSION = YES;
				CLANG_WARN_INFINITE_RECURSION = YES;
				CLANG_WARN_INT_CONVERSION = YES;
				CLANG_WARN_NON_LITERAL_NULL_CONVERSION = YES;
				CLANG_WARN_OBJC_IMPLICIT_RETAIN_SELF = YES;
				CLANG_WARN_OBJC_LITERAL_CONVERSION = YES;
				CLANG_WARN_OBJC_ROOT_CLASS = YES_ERROR;
				CLANG_WARN_QUOTED_INCLUDE_IN_FRAMEWORK_HEADER = YES;
				CLANG_WARN_RANGE_LOOP_ANALYSIS = YES;
				CLANG_WARN_STRICT_PROTOTYPES = YES;
				CLANG_WARN_SUSPICIOUS_MOVE = YES;
				CLANG_WARN_UNGUARDED_AVAILABILITY = YES_AGGRESSIVE;
				CLANG_WARN_UNREACHABLE_CODE = YES;
				CLANG_WARN__DUPLICATE_METHOD_MATCH = YES;
				COPY_PHASE_STRIP = NO;
				DEBUG_INFORMATION_FORMAT = dwarf;
				ENABLE_STRICT_OBJC_MSGSEND = YES;
				ENABLE_TESTABILITY = YES;
				GCC_C_LANGUAGE_STANDARD = gnu11;
				GCC_DYNAMIC_NO_PIC = NO;
				GCC_NO_COMMON_BLOCKS = YES;
				GCC_OPTIMIZATION_LEVEL = 0;
				GCC_PREPROCESSOR_DEFINITIONS = (
					"DEBUG=1",
					"$(inherited)",
				);
				GCC_WARN_64_TO_32_BIT_CONVERSION = YES;
				GCC_WARN_ABOUT_RETURN_TYPE = YES_ERROR;
				GCC_WARN_UNDECLARED_SELECTOR = YES;
				GCC_WARN_UNINITIALIZED_AUTOS = YES_AGGRESSIVE;
				GCC_WARN_UNUSED_FUNCTION = YES;
				GCC_WARN_UNUSED_VARIABLE = YES;
				IPHONEOS_DEPLOYMENT_TARGET = 12.0;
				MTL_ENABLE_DEBUG_INFO = INCLUDE_SOURCE;
				MTL_FAST_MATH = YES;
				ONLY_ACTIVE_ARCH = YES;
				SDKROOT = iphoneos;
				SWIFT_ACTIVE_COMPILATION_CONDITIONS = DEBUG;
				SWIFT_OPTIMIZATION_LEVEL = "-Onone";
			};
			name = Debug;
		};
		2F172E9327258152004C2E00 /* Release */ = {
			isa = XCBuildConfiguration;
			buildSettings = {
				ALWAYS_SEARCH_USER_PATHS = NO;
				CLANG_ANALYZER_NONNULL = YES;
				CLANG_ANALYZER_NUMBER_OBJECT_CONVERSION = YES_AGGRESSIVE;
				CLANG_CXX_LANGUAGE_STANDARD = "gnu++17";
				CLANG_CXX_LIBRARY = "libc++";
				CLANG_ENABLE_MODULES = YES;
				CLANG_ENABLE_OBJC_ARC = YES;
				CLANG_ENABLE_OBJC_WEAK = YES;
				CLANG_WARN_BLOCK_CAPTURE_AUTORELEASING = YES;
				CLANG_WARN_BOOL_CONVERSION = YES;
				CLANG_WARN_COMMA = YES;
				CLANG_WARN_CONSTANT_CONVERSION = YES;
				CLANG_WARN_DEPRECATED_OBJC_IMPLEMENTATIONS = YES;
				CLANG_WARN_DIRECT_OBJC_ISA_USAGE = YES_ERROR;
				CLANG_WARN_DOCUMENTATION_COMMENTS = YES;
				CLANG_WARN_EMPTY_BODY = YES;
				CLANG_WARN_ENUM_CONVERSION = YES;
				CLANG_WARN_INFINITE_RECURSION = YES;
				CLANG_WARN_INT_CONVERSION = YES;
				CLANG_WARN_NON_LITERAL_NULL_CONVERSION = YES;
				CLANG_WARN_OBJC_IMPLICIT_RETAIN_SELF = YES;
				CLANG_WARN_OBJC_LITERAL_CONVERSION = YES;
				CLANG_WARN_OBJC_ROOT_CLASS = YES_ERROR;
				CLANG_WARN_QUOTED_INCLUDE_IN_FRAMEWORK_HEADER = YES;
				CLANG_WARN_RANGE_LOOP_ANALYSIS = YES;
				CLANG_WARN_STRICT_PROTOTYPES = YES;
				CLANG_WARN_SUSPICIOUS_MOVE = YES;
				CLANG_WARN_UNGUARDED_AVAILABILITY = YES_AGGRESSIVE;
				CLANG_WARN_UNREACHABLE_CODE = YES;
				CLANG_WARN__DUPLICATE_METHOD_MATCH = YES;
				COPY_PHASE_STRIP = NO;
				DEBUG_INFORMATION_FORMAT = "dwarf-with-dsym";
				ENABLE_NS_ASSERTIONS = NO;
				ENABLE_STRICT_OBJC_MSGSEND = YES;
				GCC_C_LANGUAGE_STANDARD = gnu11;
				GCC_NO_COMMON_BLOCKS = YES;
				GCC_WARN_64_TO_32_BIT_CONVERSION = YES;
				GCC_WARN_ABOUT_RETURN_TYPE = YES_ERROR;
				GCC_WARN_UNDECLARED_SELECTOR = YES;
				GCC_WARN_UNINITIALIZED_AUTOS = YES_AGGRESSIVE;
				GCC_WARN_UNUSED_FUNCTION = YES;
				GCC_WARN_UNUSED_VARIABLE = YES;
				IPHONEOS_DEPLOYMENT_TARGET = 12.0;
				MTL_ENABLE_DEBUG_INFO = NO;
				MTL_FAST_MATH = YES;
				SDKROOT = iphoneos;
				SWIFT_COMPILATION_MODE = wholemodule;
				SWIFT_OPTIMIZATION_LEVEL = "-O";
				VALIDATE_PRODUCT = YES;
			};
			name = Release;
		};
		2F172E9527258152004C2E00 /* Debug */ = {
			isa = XCBuildConfiguration;
			buildSettings = {
				ASSETCATALOG_COMPILER_APPICON_NAME = AppIcon;
				ASSETCATALOG_COMPILER_GLOBAL_ACCENT_COLOR_NAME = AccentColor;
				CODE_SIGN_STYLE = Automatic;
				CURRENT_PROJECT_VERSION = 1;
				DEVELOPMENT_ASSET_PATHS = "\"TestPhone/Preview Content\"";
				DEVELOPMENT_TEAM = D5SJ9RALHH;
				ENABLE_PREVIEWS = YES;
				GENERATE_INFOPLIST_FILE = YES;
				INFOPLIST_KEY_UIApplicationSceneManifest_Generation = YES;
				INFOPLIST_KEY_UIApplicationSupportsIndirectInputEvents = YES;
				INFOPLIST_KEY_UILaunchScreen_Generation = YES;
				INFOPLIST_KEY_UISupportedInterfaceOrientations_iPad = "UIInterfaceOrientationPortrait UIInterfaceOrientationPortraitUpsideDown UIInterfaceOrientationLandscapeLeft UIInterfaceOrientationLandscapeRight";
				INFOPLIST_KEY_UISupportedInterfaceOrientations_iPhone = "UIInterfaceOrientationPortrait UIInterfaceOrientationLandscapeLeft UIInterfaceOrientationLandscapeRight";
				IPHONEOS_DEPLOYMENT_TARGET = 12.0;
				LD_RUNPATH_SEARCH_PATHS = (
					"$(inherited)",
					"@executable_path/Frameworks",
				);
				MARKETING_VERSION = 1.0;
				PRODUCT_BUNDLE_IDENTIFIER = MotherAI.TestPhone;
				PRODUCT_NAME = "$(TARGET_NAME)";
				SWIFT_EMIT_LOC_STRINGS = YES;
				SWIFT_VERSION = 5.0;
				TARGETED_DEVICE_FAMILY = "1,2";
			};
			name = Debug;
		};
		2F172E9627258152004C2E00 /* Release */ = {
			isa = XCBuildConfiguration;
			buildSettings = {
				ASSETCATALOG_COMPILER_APPICON_NAME = AppIcon;
				ASSETCATALOG_COMPILER_GLOBAL_ACCENT_COLOR_NAME = AccentColor;
				CODE_SIGN_STYLE = Automatic;
				CURRENT_PROJECT_VERSION = 1;
				DEVELOPMENT_ASSET_PATHS = "\"TestPhone/Preview Content\"";
				DEVELOPMENT_TEAM = D5SJ9RALHH;
				ENABLE_PREVIEWS = YES;
				GENERATE_INFOPLIST_FILE = YES;
				INFOPLIST_KEY_UIApplicationSceneManifest_Generation = YES;
				INFOPLIST_KEY_UIApplicationSupportsIndirectInputEvents = YES;
				INFOPLIST_KEY_UILaunchScreen_Generation = YES;
				INFOPLIST_KEY_UISupportedInterfaceOrientations_iPad = "UIInterfaceOrientationPortrait UIInterfaceOrientationPortraitUpsideDown UIInterfaceOrientationLandscapeLeft UIInterfaceOrientationLandscapeRight";
				INFOPLIST_KEY_UISupportedInterfaceOrientations_iPhone = "UIInterfaceOrientationPortrait UIInterfaceOrientationLandscapeLeft UIInterfaceOrientationLandscapeRight";
				IPHONEOS_DEPLOYMENT_TARGET = 12.0;
				LD_RUNPATH_SEARCH_PATHS = (
					"$(inherited)",
					"@executable_path/Frameworks",
				);
				MARKETING_VERSION = 1.0;
				PRODUCT_BUNDLE_IDENTIFIER = MotherAI.TestPhone;
				PRODUCT_NAME = "$(TARGET_NAME)";
				SWIFT_EMIT_LOC_STRINGS = YES;
				SWIFT_VERSION = 5.0;
				TARGETED_DEVICE_FAMILY = "1,2";
			};
			name = Release;
		};
		2F172E9827258152004C2E00 /* Debug */ = {
			isa = XCBuildConfiguration;
			buildSettings = {
				ALWAYS_EMBED_SWIFT_STANDARD_LIBRARIES = YES;
				BUNDLE_LOADER = "$(TEST_HOST)";
				CODE_SIGN_STYLE = Automatic;
				CURRENT_PROJECT_VERSION = 1;
				DEVELOPMENT_TEAM = D5SJ9RALHH;
				GENERATE_INFOPLIST_FILE = YES;
				IPHONEOS_DEPLOYMENT_TARGET = 14.0;
				LD_RUNPATH_SEARCH_PATHS = (
					"$(inherited)",
					"@executable_path/Frameworks",
					"@loader_path/Frameworks",
				);
				MARKETING_VERSION = 1.0;
				PRODUCT_BUNDLE_IDENTIFIER = MotherAI.TestPhoneTests;
				PRODUCT_NAME = "$(TARGET_NAME)";
				SWIFT_EMIT_LOC_STRINGS = NO;
				SWIFT_VERSION = 5.0;
				TARGETED_DEVICE_FAMILY = "1,2";
				TEST_HOST = "$(BUILT_PRODUCTS_DIR)/TestPhone.app/TestPhone";
			};
			name = Debug;
		};
		2F172E9927258152004C2E00 /* Release */ = {
			isa = XCBuildConfiguration;
			buildSettings = {
				ALWAYS_EMBED_SWIFT_STANDARD_LIBRARIES = YES;
				BUNDLE_LOADER = "$(TEST_HOST)";
				CODE_SIGN_STYLE = Automatic;
				CURRENT_PROJECT_VERSION = 1;
				DEVELOPMENT_TEAM = D5SJ9RALHH;
				GENERATE_INFOPLIST_FILE = YES;
				IPHONEOS_DEPLOYMENT_TARGET = 14.0;
				LD_RUNPATH_SEARCH_PATHS = (
					"$(inherited)",
					"@executable_path/Frameworks",
					"@loader_path/Frameworks",
				);
				MARKETING_VERSION = 1.0;
				PRODUCT_BUNDLE_IDENTIFIER = MotherAI.TestPhoneTests;
				PRODUCT_NAME = "$(TARGET_NAME)";
				SWIFT_EMIT_LOC_STRINGS = NO;
				SWIFT_VERSION = 5.0;
				TARGETED_DEVICE_FAMILY = "1,2";
				TEST_HOST = "$(BUILT_PRODUCTS_DIR)/TestPhone.app/TestPhone";
			};
			name = Release;
		};
		2F172E9B27258152004C2E00 /* Debug */ = {
			isa = XCBuildConfiguration;
			buildSettings = {
				ALWAYS_EMBED_SWIFT_STANDARD_LIBRARIES = YES;
				CODE_SIGN_STYLE = Automatic;
				CURRENT_PROJECT_VERSION = 1;
				DEVELOPMENT_TEAM = D5SJ9RALHH;
				GENERATE_INFOPLIST_FILE = YES;
				LD_RUNPATH_SEARCH_PATHS = (
					"$(inherited)",
					"@executable_path/Frameworks",
					"@loader_path/Frameworks",
				);
				MARKETING_VERSION = 1.0;
				PRODUCT_BUNDLE_IDENTIFIER = MotherAI.TestPhoneUITests;
				PRODUCT_NAME = "$(TARGET_NAME)";
				SWIFT_EMIT_LOC_STRINGS = NO;
				SWIFT_VERSION = 5.0;
				TARGETED_DEVICE_FAMILY = "1,2";
				TEST_TARGET_NAME = TestPhone;
			};
			name = Debug;
		};
		2F172E9C27258152004C2E00 /* Release */ = {
			isa = XCBuildConfiguration;
			buildSettings = {
				ALWAYS_EMBED_SWIFT_STANDARD_LIBRARIES = YES;
				CODE_SIGN_STYLE = Automatic;
				CURRENT_PROJECT_VERSION = 1;
				DEVELOPMENT_TEAM = D5SJ9RALHH;
				GENERATE_INFOPLIST_FILE = YES;
				LD_RUNPATH_SEARCH_PATHS = (
					"$(inherited)",
					"@executable_path/Frameworks",
					"@loader_path/Frameworks",
				);
				MARKETING_VERSION = 1.0;
				PRODUCT_BUNDLE_IDENTIFIER = MotherAI.TestPhoneUITests;
				PRODUCT_NAME = "$(TARGET_NAME)";
				SWIFT_EMIT_LOC_STRINGS = NO;
				SWIFT_VERSION = 5.0;
				TARGETED_DEVICE_FAMILY = "1,2";
				TEST_TARGET_NAME = TestPhone;
			};
			name = Release;
		};
/* End XCBuildConfiguration section */

/* Begin XCConfigurationList section */
		2F172E6B2725814F004C2E00 /* Build configuration list for PBXProject "TestPhone" */ = {
			isa = XCConfigurationList;
			buildConfigurations = (
				2F172E9227258152004C2E00 /* Debug */,
				2F172E9327258152004C2E00 /* Release */,
			);
			defaultConfigurationIsVisible = 0;
			defaultConfigurationName = Release;
		};
		2F172E9427258152004C2E00 /* Build configuration list for PBXNativeTarget "TestPhone" */ = {
			isa = XCConfigurationList;
			buildConfigurations = (
				2F172E9527258152004C2E00 /* Debug */,
				2F172E9627258152004C2E00 /* Release */,
			);
			defaultConfigurationIsVisible = 0;
			defaultConfigurationName = Release;
		};
		2F172E9727258152004C2E00 /* Build configuration list for PBXNativeTarget "TestPhoneTests" */ = {
			isa = XCConfigurationList;
			buildConfigurations = (
				2F172E9827258152004C2E00 /* Debug */,
				2F172E9927258152004C2E00 /* Release */,
			);
			defaultConfigurationIsVisible = 0;
			defaultConfigurationName = Release;
		};
		2F172E9A27258152004C2E00 /* Build configuration list for PBXNativeTarget "TestPhoneUITests" */ = {
			isa = XCConfigurationList;
			buildConfigurations = (
				2F172E9B27258152004C2E00 /* Debug */,
				2F172E9C27258152004C2E00 /* Release */,
			);
			defaultConfigurationIsVisible = 0;
			defaultConfigurationName = Release;
		};
/* End XCConfigurationList section */
	};
	rootObject = 2F172E682725814F004C2E00 /* Project object */;
}
